
Microsoft Visual Studio Solution File, Format Version 12.00
# Visual Studio Version 17
VisualStudioVersion = 17.6.33815.320
MinimumVisualStudioVersion = 10.0.40219.1
Project("{FAE04EC0-301F-11D3-BF4B-00C04F79EFBC}") = "Phase3Section2.22", "Phase3Section2.22\Phase3Section2.22.csproj", "{0D3E8A85-AFB5-4B17-9C36-C51CD8BFBA30}"
EndProject
Global
	GlobalSection(SolutionConfigurationPlatforms) = preSolution
		Debug|Any CPU = Debug|Any CPU
		Release|Any CPU = Release|Any CPU
	EndGlobalSection
	GlobalSection(ProjectConfigurationPlatforms) = postSolution
		{0D3E8A85-AFB5-4B17-9C36-C51CD8BFBA30}.Debug|Any CPU.ActiveCfg = Debug|Any CPU
		{0D3E8A85-AFB5-4B17-9C36-C51CD8BFBA30}.Debug|Any CPU.Build.0 = Debug|Any CPU
		{0D3E8A85-AFB5-4B17-9C36-C51CD8BFBA30}.Release|Any CPU.ActiveCfg = Release|Any CPU
		{0D3E8A85-AFB5-4B17-9C36-C51CD8BFBA30}.Release|Any CPU.Build.0 = Release|Any CPU
	EndGlobalSection
	GlobalSection(SolutionProperties) = preSolution
		HideSolutionNode = FALSE
	EndGlobalSection
	GlobalSection(ExtensibilityGlobals) = postSolution
		SolutionGuid = {3040A9A3-498D-4F0C-AB17-006A5DF4E338}
	EndGlobalSection
EndGlobal
